// !$*UTF8*$!
{
	archiveVersion = 1;
	classes = {
	};
	objectVersion = 52;
	objects = {

/* Begin PBXBuildFile section */
		7863DE7A25C077C100B1635E /* Person.swift in Sources */ = {isa = PBXBuildFile; fileRef = 7863DE7925C077C100B1635E /* Person.swift */; };
		7863DE7F25C07F3300B1635E /* ToDOListItem.swift in Sources */ = {isa = PBXBuildFile; fileRef = 7863DE7E25C07F3300B1635E /* ToDOListItem.swift */; };
		78706C8E25BDD016001BE3D1 /* AppDelegate.swift in Sources */ = {isa = PBXBuildFile; fileRef = 78706C8D25BDD016001BE3D1 /* AppDelegate.swift */; };
		78706C9025BDD016001BE3D1 /* SceneDelegate.swift in Sources */ = {isa = PBXBuildFile; fileRef = 78706C8F25BDD016001BE3D1 /* SceneDelegate.swift */; };
		78706C9225BDD016001BE3D1 /* ViewController.swift in Sources */ = {isa = PBXBuildFile; fileRef = 78706C9125BDD016001BE3D1 /* ViewController.swift */; };
		78706C9525BDD016001BE3D1 /* Main.storyboard in Resources */ = {isa = PBXBuildFile; fileRef = 78706C9325BDD016001BE3D1 /* Main.storyboard */; };
		78706C9725BDD017001BE3D1 /* Assets.xcassets in Resources */ = {isa = PBXBuildFile; fileRef = 78706C9625BDD017001BE3D1 /* Assets.xcassets */; };
		78706C9A25BDD017001BE3D1 /* LaunchScreen.storyboard in Resources */ = {isa = PBXBuildFile; fileRef = 78706C9825BDD017001BE3D1 /* LaunchScreen.storyboard */; };
		78706CAD25BDD556001BE3D1 /* Realm in Frameworks */ = {isa = PBXBuildFile; productRef = 78706CAC25BDD556001BE3D1 /* Realm */; };
		78706CAF25BDD556001BE3D1 /* RealmSwift in Frameworks */ = {isa = PBXBuildFile; productRef = 78706CAE25BDD556001BE3D1 /* RealmSwift */; };
/* End PBXBuildFile section */

/* Begin PBXFileReference section */
		7863DE7925C077C100B1635E /* Person.swift */ = {isa = PBXFileReference; lastKnownFileType = sourcecode.swift; path = Person.swift; sourceTree = "<group>"; };
		7863DE7E25C07F3300B1635E /* ToDOListItem.swift */ = {isa = PBXFileReference; lastKnownFileType = sourcecode.swift; path = ToDOListItem.swift; sourceTree = "<group>"; };
		78706C8A25BDD016001BE3D1 /* RealmDemo.app */ = {isa = PBXFileReference; explicitFileType = wrapper.application; includeInIndex = 0; path = RealmDemo.app; sourceTree = BUILT_PRODUCTS_DIR; };
		78706C8D25BDD016001BE3D1 /* AppDelegate.swift */ = {isa = PBXFileReference; lastKnownFileType = sourcecode.swift; path = AppDelegate.swift; sourceTree = "<group>"; };
		78706C8F25BDD016001BE3D1 /* SceneDelegate.swift */ = {isa = PBXFileReference; lastKnownFileType = sourcecode.swift; path = SceneDelegate.swift; sourceTree = "<group>"; };
		78706C9125BDD016001BE3D1 /* ViewController.swift */ = {isa = PBXFileReference; lastKnownFileType = sourcecode.swift; path = ViewController.swift; sourceTree = "<group>"; };
		78706C9425BDD016001BE3D1 /* Base */ = {isa = PBXFileReference; lastKnownFileType = file.storyboard; name = Base; path = Base.lproj/Main.storyboard; sourceTree = "<group>"; };
		78706C9625BDD017001BE3D1 /* Assets.xcassets */ = {isa = PBXFileReference; lastKnownFileType = folder.assetcatalog; path = Assets.xcassets; sourceTree = "<group>"; };
		78706C9925BDD017001BE3D1 /* Base */ = {isa = PBXFileReference; lastKnownFileType = file.storyboard; name = Base; path = Base.lproj/LaunchScreen.storyboard; sourceTree = "<group>"; };
		78706C9B25BDD017001BE3D1 /* Info.plist */ = {isa = PBXFileReference; lastKnownFileType = text.plist.xml; path = Info.plist; sourceTree = "<group>"; };
/* End PBXFileReference section */

/* Begin PBXFrameworksBuildPhase section */
		78706C8725BDD016001BE3D1 /* Frameworks */ = {
			isa = PBXFrameworksBuildPhase;
			buildActionMask = 2147483647;
			files = (
				78706CAF25BDD556001BE3D1 /* RealmSwift in Frameworks */,
				78706CAD25BDD556001BE3D1 /* Realm in Frameworks */,
			);
			runOnlyForDeploymentPostprocessing = 0;
		};
/* End PBXFrameworksBuildPhase section */

/* Begin PBXGroup section */
		7863DE7825C077B300B1635E /* Model */ = {
			isa = PBXGroup;
			children = (
				7863DE7925C077C100B1635E /* Person.swift */,
				7863DE7E25C07F3300B1635E /* ToDOListItem.swift */,
			);
			path = Model;
			sourceTree = "<group>";
		};
		7863DE7C25C0789400B1635E /* Controller */ = {
			isa = PBXGroup;
			children = (
				78706C9125BDD016001BE3D1 /* ViewController.swift */,
			);
			path = Controller;
			sourceTree = "<group>";
		};
		78706C8125BDD016001BE3D1 = {
			isa = PBXGroup;
			children = (
				78706C8C25BDD016001BE3D1 /* RealmDemo */,
				78706C8B25BDD016001BE3D1 /* Products */,
			);
			sourceTree = "<group>";
		};
		78706C8B25BDD016001BE3D1 /* Products */ = {
			isa = PBXGroup;
			children = (
				78706C8A25BDD016001BE3D1 /* RealmDemo.app */,
			);
			name = Products;
			sourceTree = "<group>";
		};
		78706C8C25BDD016001BE3D1 /* RealmDemo */ = {
			isa = PBXGroup;
			children = (
				7863DE7C25C0789400B1635E /* Controller */,
				7863DE7825C077B300B1635E /* Model */,
				78706C8D25BDD016001BE3D1 /* AppDelegate.swift */,
				78706C8F25BDD016001BE3D1 /* SceneDelegate.swift */,
				78706C9325BDD016001BE3D1 /* Main.storyboard */,
				78706C9625BDD017001BE3D1 /* Assets.xcassets */,
				78706C9825BDD017001BE3D1 /* LaunchScreen.storyboard */,
				78706C9B25BDD017001BE3D1 /* Info.plist */,
			);
			path = RealmDemo;
			sourceTree = "<group>";
		};
/* End PBXGroup section */

/* Begin PBXNativeTarget section */
		78706C8925BDD016001BE3D1 /* RealmDemo */ = {
			isa = PBXNativeTarget;
			buildConfigurationList = 78706C9E25BDD017001BE3D1 /* Build configuration list for PBXNativeTarget "RealmDemo" */;
			buildPhases = (
				78706C8625BDD016001BE3D1 /* Sources */,
				78706C8725BDD016001BE3D1 /* Frameworks */,
				78706C8825BDD016001BE3D1 /* Resources */,
			);
			buildRules = (
			);
			dependencies = (
			);
			name = RealmDemo;
			packageProductDependencies = (
				78706CAC25BDD556001BE3D1 /* Realm */,
				78706CAE25BDD556001BE3D1 /* RealmSwift */,
			);
			productName = RealmDemo;
			productReference = 78706C8A25BDD016001BE3D1 /* RealmDemo.app */;
			productType = "com.apple.product-type.application";
		};
/* End PBXNativeTarget section */

/* Begin PBXProject section */
		78706C8225BDD016001BE3D1 /* Project object */ = {
			isa = PBXProject;
			attributes = {
				LastSwiftUpdateCheck = 1230;
				LastUpgradeCheck = 1230;
				TargetAttributes = {
					78706C8925BDD016001BE3D1 = {
						CreatedOnToolsVersion = 12.3;
					};
				};
			};
			buildConfigurationList = 78706C8525BDD016001BE3D1 /* Build configuration list for PBXProject "RealmDemo" */;
			compatibilityVersion = "Xcode 9.3";
			developmentRegion = en;
			hasScannedForEncodings = 0;
			knownRegions = (
				en,
				Base,
			);
			mainGroup = 78706C8125BDD016001BE3D1;
			packageReferences = (
				78706CAB25BDD556001BE3D1 /* XCRemoteSwiftPackageReference "realm-cocoa" */,
			);
			productRefGroup = 78706C8B25BDD016001BE3D1 /* Products */;
			projectDirPath = "";
			projectRoot = "";
			targets = (
				78706C8925BDD016001BE3D1 /* RealmDemo */,
			);
		};
/* End PBXProject section */

/* Begin PBXResourcesBuildPhase section */
		78706C8825BDD016001BE3D1 /* Resources */ = {
			isa = PBXResourcesBuildPhase;
			buildActionMask = 2147483647;
			files = (
				78706C9A25BDD017001BE3D1 /* LaunchScreen.storyboard in Resources */,
				78706C9725BDD017001BE3D1 /* Assets.xcassets in Resources */,
				78706C9525BDD016001BE3D1 /* Main.storyboard in Resources */,
			);
			runOnlyForDeploymentPostprocessing = 0;
		};
/* End PBXResourcesBuildPhase section */

/* Begin PBXSourcesBuildPhase section */
		78706C8625BDD016001BE3D1 /* Sources */ = {
			isa = PBXSourcesBuildPhase;
			buildActionMask = 2147483647;
			files = (
				78706C9225BDD016001BE3D1 /* ViewController.swift in Sources */,
				7863DE7F25C07F3300B1635E /* ToDOListItem.swift in Sources */,
				78706C8E25BDD016001BE3D1 /* AppDelegate.swift in Sources */,
				7863DE7A25C077C100B1635E /* Person.swift in Sources */,
				78706C9025BDD016001BE3D1 /* SceneDelegate.swift in Sources */,
			);
			runOnlyForDeploymentPostprocessing = 0;
		};
/* End PBXSourcesBuildPhase section */

/* Begin PBXVariantGroup section */
		78706C9325BDD016001BE3D1 /* Main.storyboard */ = {
			isa = PBXVariantGroup;
			children = (
				78706C9425BDD016001BE3D1 /* Base */,
			);
			name = Main.storyboard;
			sourceTree = "<group>";
		};
		78706C9825BDD017001BE3D1 /* LaunchScreen.storyboard */ = {
			isa = PBXVariantGroup;
			children = (
				78706C9925BDD017001BE3D1 /* Base */,
			);
			name = LaunchScreen.storyboard;
			sourceTree = "<group>";
		};
/* End PBXVariantGroup section */

/* Begin XCBuildConfiguration section */
		78706C9C25BDD017001BE3D1 /* Debug */ = {
			isa = XCBuildConfiguration;
			buildSettings = {
				ALWAYS_SEARCH_USER_PATHS = NO;
				CLANG_ANALYZER_NONNULL = YES;
				CLANG_ANALYZER_NUMBER_OBJECT_CONVERSION = YES_AGGRESSIVE;
				CLANG_CXX_LANGUAGE_STANDARD = "gnu++14";
				CLANG_CXX_LIBRARY = "libc++";
				CLANG_ENABLE_MODULES = YES;
				CLANG_ENABLE_OBJC_ARC = YES;
				CLANG_ENABLE_OBJC_WEAK = YES;
				CLANG_WARN_BLOCK_CAPTURE_AUTORELEASING = YES;
				CLANG_WARN_BOOL_CONVERSION = YES;
				CLANG_WARN_COMMA = YES;
				CLANG_WARN_CONSTANT_CONVERSION = YES;
				CLANG_WARN_DEPRECATED_OBJC_IMPLEMENTATIONS = YES;
				CLANG_WARN_DIRECT_OBJC_ISA_USAGE = YES_ERROR;
				CLANG_WARN_DOCUMENTATION_COMMENTS = YES;
				CLANG_WARN_EMPTY_BODY = YES;
				CLANG_WARN_ENUM_CONVERSION = YES;
				CLANG_WARN_INFINITE_RECURSION = YES;
				CLANG_WARN_INT_CONVERSION = YES;
				CLANG_WARN_NON_LITERAL_NULL_CONVERSION = YES;
				CLANG_WARN_OBJC_IMPLICIT_RETAIN_SELF = YES;
				CLANG_WARN_OBJC_LITERAL_CONVERSION = YES;
				CLANG_WARN_OBJC_ROOT_CLASS = YES_ERROR;
				CLANG_WARN_QUOTED_INCLUDE_IN_FRAMEWORK_HEADER = YES;
				CLANG_WARN_RANGE_LOOP_ANALYSIS = YES;
				CLANG_WARN_STRICT_PROTOTYPES = YES;
				CLANG_WARN_SUSPICIOUS_MOVE = YES;
				CLANG_WARN_UNGUARDED_AVAILABILITY = YES_AGGRESSIVE;
				CLANG_WARN_UNREACHABLE_CODE = YES;
				CLANG_WARN__DUPLICATE_METHOD_MATCH = YES;
				COPY_PHASE_STRIP = NO;
				DEBUG_INFORMATION_FORMAT = dwarf;
				ENABLE_STRICT_OBJC_MSGSEND = YES;
				ENABLE_TESTABILITY = YES;
				GCC_C_LANGUAGE_STANDARD = gnu11;
				GCC_DYNAMIC_NO_PIC = NO;
				GCC_NO_COMMON_BLOCKS = YES;
				GCC_OPTIMIZATION_LEVEL = 0;
				GCC_PREPROCESSOR_DEFINITIONS = (
					"DEBUG=1",
					"$(inherited)",
				);
				GCC_WARN_64_TO_32_BIT_CONVERSION = YES;
				GCC_WARN_ABOUT_RETURN_TYPE = YES_ERROR;
				GCC_WARN_UNDECLARED_SELECTOR = YES;
				GCC_WARN_UNINITIALIZED_AUTOS = YES_AGGRESSIVE;
				GCC_WARN_UNUSED_FUNCTION = YES;
				GCC_WARN_UNUSED_VARIABLE = YES;
				IPHONEOS_DEPLOYMENT_TARGET = 14.3;
				MTL_ENABLE_DEBUG_INFO = INCLUDE_SOURCE;
				MTL_FAST_MATH = YES;
				ONLY_ACTIVE_ARCH = YES;
				SDKROOT = iphoneos;
				SWIFT_ACTIVE_COMPILATION_CONDITIONS = DEBUG;
				SWIFT_OPTIMIZATION_LEVEL = "-Onone";
			};
			name = Debug;
		};
		78706C9D25BDD017001BE3D1 /* Release */ = {
			isa = XCBuildConfiguration;
			buildSettings = {
				ALWAYS_SEARCH_USER_PATHS = NO;
				CLANG_ANALYZER_NONNULL = YES;
				CLANG_ANALYZER_NUMBER_OBJECT_CONVERSION = YES_AGGRESSIVE;
				CLANG_CXX_LANGUAGE_STANDARD = "gnu++14";
				CLANG_CXX_LIBRARY = "libc++";
				CLANG_ENABLE_MODULES = YES;
				CLANG_ENABLE_OBJC_ARC = YES;
				CLANG_ENABLE_OBJC_WEAK = YES;
				CLANG_WARN_BLOCK_CAPTURE_AUTORELEASING = YES;
				CLANG_WARN_BOOL_CONVERSION = YES;
				CLANG_WARN_COMMA = YES;
				CLANG_WARN_CONSTANT_CONVERSION = YES;
				CLANG_WARN_DEPRECATED_OBJC_IMPLEMENTATIONS = YES;
				CLANG_WARN_DIRECT_OBJC_ISA_USAGE = YES_ERROR;
				CLANG_WARN_DOCUMENTATION_COMMENTS = YES;
				CLANG_WARN_EMPTY_BODY = YES;
				CLANG_WARN_ENUM_CONVERSION = YES;
				CLANG_WARN_INFINITE_RECURSION = YES;
				CLANG_WARN_INT_CONVERSION = YES;
				CLANG_WARN_NON_LITERAL_NULL_CONVERSION = YES;
				CLANG_WARN_OBJC_IMPLICIT_RETAIN_SELF = YES;
				CLANG_WARN_OBJC_LITERAL_CONVERSION = YES;
				CLANG_WARN_OBJC_ROOT_CLASS = YES_ERROR;
				CLANG_WARN_QUOTED_INCLUDE_IN_FRAMEWORK_HEADER = YES;
				CLANG_WARN_RANGE_LOOP_ANALYSIS = YES;
				CLANG_WARN_STRICT_PROTOTYPES = YES;
				CLANG_WARN_SUSPICIOUS_MOVE = YES;
				CLANG_WARN_UNGUARDED_AVAILABILITY = YES_AGGRESSIVE;
				CLANG_WARN_UNREACHABLE_CODE = YES;
				CLANG_WARN__DUPLICATE_METHOD_MATCH = YES;
				COPY_PHASE_STRIP = NO;
				DEBUG_INFORMATION_FORMAT = "dwarf-with-dsym";
				ENABLE_NS_ASSERTIONS = NO;
				ENABLE_STRICT_OBJC_MSGSEND = YES;
				GCC_C_LANGUAGE_STANDARD = gnu11;
				GCC_NO_COMMON_BLOCKS = YES;
				GCC_WARN_64_TO_32_BIT_CONVERSION = YES;
				GCC_WARN_ABOUT_RETURN_TYPE = YES_ERROR;
				GCC_WARN_UNDECLARED_SELECTOR = YES;
				GCC_WARN_UNINITIALIZED_AUTOS = YES_AGGRESSIVE;
				GCC_WARN_UNUSED_FUNCTION = YES;
				GCC_WARN_UNUSED_VARIABLE = YES;
				IPHONEOS_DEPLOYMENT_TARGET = 14.3;
				MTL_ENABLE_DEBUG_INFO = NO;
				MTL_FAST_MATH = YES;
				SDKROOT = iphoneos;
				SWIFT_COMPILATION_MODE = wholemodule;
				SWIFT_OPTIMIZATION_LEVEL = "-O";
				VALIDATE_PRODUCT = YES;
			};
			name = Release;
		};
		78706C9F25BDD017001BE3D1 /* Debug */ = {
			isa = XCBuildConfiguration;
			buildSettings = {
				ASSETCATALOG_COMPILER_APPICON_NAME = AppIcon;
				ASSETCATALOG_COMPILER_GLOBAL_ACCENT_COLOR_NAME = AccentColor;
				CODE_SIGN_STYLE = Automatic;
				DEVELOPMENT_TEAM = GU6TNC55T8;
				INFOPLIST_FILE = RealmDemo/Info.plist;
				LD_RUNPATH_SEARCH_PATHS = (
					"$(inherited)",
					"@executable_path/Frameworks",
				);
				PRODUCT_BUNDLE_IDENTIFIER = com.uday.RealmDemo;
				PRODUCT_NAME = "$(TARGET_NAME)";
				SWIFT_VERSION = 5.0;
				TARGETED_DEVICE_FAMILY = "1,2";
			};
			name = Debug;
		};
		78706CA025BDD017001BE3D1 /* Release */ = {
			isa = XCBuildConfiguration;
			buildSettings = {
				ASSETCATALOG_COMPILER_APPICON_NAME = AppIcon;
				ASSETCATALOG_COMPILER_GLOBAL_ACCENT_COLOR_NAME = AccentColor;
				CODE_SIGN_STYLE = Automatic;
				DEVELOPMENT_TEAM = GU6TNC55T8;
				INFOPLIST_FILE = RealmDemo/Info.plist;
				LD_RUNPATH_SEARCH_PATHS = (
					"$(inherited)",
					"@executable_path/Frameworks",
				);
				PRODUCT_BUNDLE_IDENTIFIER = com.uday.RealmDemo;
				PRODUCT_NAME = "$(TARGET_NAME)";
				SWIFT_VERSION = 5.0;
				TARGETED_DEVICE_FAMILY = "1,2";
			};
			name = Release;
		};
/* End XCBuildConfiguration section */

/* Begin XCConfigurationList section */
		78706C8525BDD016001BE3D1 /* Build configuration list for PBXProject "RealmDemo" */ = {
			isa = XCConfigurationList;
			buildConfigurations = (
				78706C9C25BDD017001BE3D1 /* Debug */,
				78706C9D25BDD017001BE3D1 /* Release */,
			);
			defaultConfigurationIsVisible = 0;
			defaultConfigurationName = Release;
		};
		78706C9E25BDD017001BE3D1 /* Build configuration list for PBXNativeTarget "RealmDemo" */ = {
			isa = XCConfigurationList;
			buildConfigurations = (
				78706C9F25BDD017001BE3D1 /* Debug */,
				78706CA025BDD017001BE3D1 /* Release */,
			);
			defaultConfigurationIsVisible = 0;
			defaultConfigurationName = Release;
		};
/* End XCConfigurationList section */

/* Begin XCRemoteSwiftPackageReference section */
		78706CAB25BDD556001BE3D1 /* XCRemoteSwiftPackageReference "realm-cocoa" */ = {
			isa = XCRemoteSwiftPackageReference;
			repositoryURL = "https://github.com/realm/realm-cocoa.git";
			requirement = {
				kind = upToNextMajorVersion;
				minimumVersion = 10.5.1;
			};
		};
/* End XCRemoteSwiftPackageReference section */

/* Begin XCSwiftPackageProductDependency section */
		78706CAC25BDD556001BE3D1 /* Realm */ = {
			isa = XCSwiftPackageProductDependency;
			package = 78706CAB25BDD556001BE3D1 /* XCRemoteSwiftPackageReference "realm-cocoa" */;
			productName = Realm;
		};
		78706CAE25BDD556001BE3D1 /* RealmSwift */ = {
			isa = XCSwiftPackageProductDependency;
			package = 78706CAB25BDD556001BE3D1 /* XCRemoteSwiftPackageReference "realm-cocoa" */;
			productName = RealmSwift;
		};
/* End XCSwiftPackageProductDependency section */
	};
	rootObject = 78706C8225BDD016001BE3D1 /* Project object */;
}
